
Microsoft Visual Studio Solution File, Format Version 12.00
# Visual Studio Version 17
VisualStudioVersion = 17.10.34916.146
MinimumVisualStudioVersion = 10.0.40219.1
Project("{8BC9CEB8-8B4A-11D0-8D11-00A0C91BC942}") = "FileSortUtility", "FileSortUtility\FileSortUtility.vcxproj", "{70371E10-6243-48C8-84A9-6B365E94975C}"
EndProject
Global
	GlobalSection(SolutionConfigurationPlatforms) = preSolution
		Debug|x64 = Debug|x64
		Debug|x86 = Debug|x86
		Release|x64 = Release|x64
		Release|x86 = Release|x86
	EndGlobalSection
	GlobalSection(ProjectConfigurationPlatforms) = postSolution
		{70371E10-6243-48C8-84A9-6B365E94975C}.Debug|x64.ActiveCfg = Debug|x64
		{70371E10-6243-48C8-84A9-6B365E94975C}.Debug|x64.Build.0 = Debug|x64
		{70371E10-6243-48C8-84A9-6B365E94975C}.Debug|x86.ActiveCfg = Debug|Win32
		{70371E10-6243-48C8-84A9-6B365E94975C}.Debug|x86.Build.0 = Debug|Win32
		{70371E10-6243-48C8-84A9-6B365E94975C}.Release|x64.ActiveCfg = Release|x64
		{70371E10-6243-48C8-84A9-6B365E94975C}.Release|x64.Build.0 = Release|x64
		{70371E10-6243-48C8-84A9-6B365E94975C}.Release|x86.ActiveCfg = Release|Win32
		{70371E10-6243-48C8-84A9-6B365E94975C}.Release|x86.Build.0 = Release|Win32
	EndGlobalSection
	GlobalSection(SolutionProperties) = preSolution
		HideSolutionNode = FALSE
	EndGlobalSection
	GlobalSection(ExtensibilityGlobals) = postSolution
		SolutionGuid = {18D124DC-FB16-4431-86B4-7C39E3B0FDEB}
	EndGlobalSection
EndGlobal
